# This file was autogenerated by Stack.
# You should not edit this file by hand.
# For more information, please see the documentation at:
#   https://docs.haskellstack.org/en/stable/lock_files

packages:
- completed:
    hackage: syz-0.2.0.0@sha256:7307acb8f6ae7720e7e235c974281ecee912703c1394ebcac19caf83d70bb492,2345
    pantry-tree:
      size: 256
      sha256: a5438cf5c8f701d8e2aa6543ca3d591224b83dcc379063da5ed68727da0bb1ad
  original:
    hackage: syz-0.2.0.0@sha256:7307acb8f6ae7720e7e235c974281ecee912703c1394ebcac19caf83d70bb492,2345
- completed:
    hackage: text-replace-0.1.0.2@sha256:7dde41ab31a3c029398ea0529a14c35c49c9232917e4dc5a1c6d125fa06b9e9f,1769
    pantry-tree:
      size: 342
      sha256: fabbbc5ac3b70c3750b70222ee4fcefb7361b16e0e31ae46a292ed13b990ff3c
  original:
    hackage: text-replace-0.1.0.2@sha256:7dde41ab31a3c029398ea0529a14c35c49c9232917e4dc5a1c6d125fa06b9e9f,1769
snapshots:
- completed:
    size: 619164
    url: https://raw.githubusercontent.com/commercialhaskell/stackage-snapshots/master/lts/19/18.yaml
    sha256: 65b9809265860e085b4f61d4eb00d5d73e41190693620385a69cc9d9df7a901d
  original: lts-19.18
